lockfileVersion: '9.0'

settings:
  autoInstallPeers: true
  excludeLinksFromLockfile: false

importers:

  .:
    devDependencies:
      '@wordpress/compose':
        specifier: ^7.22.0
        version: 7.22.0(react@18.3.1)
      '@wordpress/hooks':
        specifier: ^4.22.0
        version: 4.22.0

packages:

  '@babel/runtime@7.25.7':
    resolution: {integrity: sha512-FjoyLe754PMiYsFaN5C94ttGiOmBNYTf6pLr4xXHAT5uctHb092PBszndLDR5XA/jghQvn4n7JMHl7dmTgbm9w==}
    engines: {node: '>=6.9.0'}

  '@tannin/compile@1.1.0':
    resolution: {integrity: sha512-n8m9eNDfoNZoxdvWiTfW/hSPhehzLJ3zW7f8E7oT6mCROoMNWCB4TYtv041+2FMAxweiE0j7i1jubQU4MEC/Gg==}

  '@tannin/evaluate@1.2.0':
    resolution: {integrity: sha512-3ioXvNowbO/wSrxsDG5DKIMxC81P0QrQTYai8zFNY+umuoHWRPbQ/TuuDEOju9E+jQDXmj6yI5GyejNuh8I+eg==}

  '@tannin/plural-forms@1.1.0':
    resolution: {integrity: sha512-xl9R2mDZO/qiHam1AgMnAES6IKIg7OBhcXqy6eDsRCdXuxAFPcjrej9HMjyCLE0DJ/8cHf0i5OQTstuBRhpbHw==}

  '@tannin/postfix@1.1.0':
    resolution: {integrity: sha512-oocsqY7g0cR+Gur5jRQLSrX2OtpMLMse1I10JQBm8CdGMrDkh1Mg2gjsiquMHRtBs4Qwu5wgEp5GgIYHk4SNPw==}

  '@types/mousetrap@1.6.15':
    resolution: {integrity: sha512-qL0hyIMNPow317QWW/63RvL1x5MVMV+Ru3NaY9f/CuEpCqrmb7WeuK2071ZY5hczOnm38qExWM2i2WtkXLSqFw==}

  '@types/prop-types@15.7.14':
    resolution: {integrity: sha512-gNMvNH49DJ7OJYv+KAKn0Xp45p8PLl6zo2YnvDIbTd4J6MER2BmWN49TG7n9LvkyihINxeKW8+3bfS2yDC9dzQ==}

  '@types/react-dom@18.3.7':
    resolution: {integrity: sha512-MEe3UeoENYVFXzoXEWsvcpg6ZvlrFNlOQ7EOsvhI3CfAXwzPfO8Qwuxd40nepsYKqyyVQnTdEfv68q91yLcKrQ==}
    peerDependencies:
      '@types/react': ^18.0.0

  '@types/react@18.3.21':
    resolution: {integrity: sha512-gXLBtmlcRJeT09/sI4PxVwyrku6SaNUj/6cMubjE6T6XdY1fDmBL7r0nX0jbSZPU/Xr0KuwLLZh6aOYY5d91Xw==}

  '@wordpress/compose@7.22.0':
    resolution: {integrity: sha512-EXaqsE8hv6sfOgcjAjcU9JCZ1SZ8+8qaI/NRsQau9zSqQ2XTP9ZTCC02UjeGtd4wjewGuksvZocvD1AfRxrwHQ==}
    engines: {node: '>=18.12.0', npm: '>=8.19.2'}
    peerDependencies:
      react: ^18.0.0

  '@wordpress/deprecated@4.22.0':
    resolution: {integrity: sha512-RLPlzoz4N6JV0nYHRt4fBvlm8PhJQRyv4MZJhuky8JfQLxflYFokDdxlq6Ek/oqqkHcSKcqDdz2HnU6HUib08g==}
    engines: {node: '>=18.12.0', npm: '>=8.19.2'}

  '@wordpress/dom@4.22.0':
    resolution: {integrity: sha512-3m0IuoSpmXT+r9PBlWK7S0R/J1809A0eSiEF8ze/yGctMzbiLdNM/eFgFGO/qQhBDQ2QrWbo7VqcmyEa2VIOKw==}
    engines: {node: '>=18.12.0', npm: '>=8.19.2'}

  '@wordpress/element@6.22.0':
    resolution: {integrity: sha512-EX6vnRZBaJWkZU99gKPAJ77ZNZocNaFQr3FjYqVNRUBNyAfu2D8bIyBFAfuGn+YSWp+NAQxO4/j2NOBD44go2g==}
    engines: {node: '>=18.12.0', npm: '>=8.19.2'}

  '@wordpress/escape-html@3.22.0':
    resolution: {integrity: sha512-MFzI7ijZhxQfOuNZOueGuNJKBEIth99nvXLCRXEdKWupHScCk0fJjim7hos4mLO/9aV1NM9SwkLndYBoBrpVWw==}
    engines: {node: '>=18.12.0', npm: '>=8.19.2'}

  '@wordpress/hooks@4.22.0':
    resolution: {integrity: sha512-FhVOqKU4yKpGUh1X1BHgcQducyNbdzFuWW0KhCXtIhiNMM9hOFYstub6Oa7jGqytu2hZaYl6/EDPx3dZ/eexLA==}
    engines: {node: '>=18.12.0', npm: '>=8.19.2'}

  '@wordpress/i18n@5.22.0':
    resolution: {integrity: sha512-+9U76jmjB0BKqtwwL3RAzov3MzTaa4drrhtTbr57p2C/X5HRK2Q+MSv+yoGXIHTw0Q3Rdhj4ZG9UetZ1cfzMCA==}
    engines: {node: '>=18.12.0', npm: '>=8.19.2'}
    hasBin: true

  '@wordpress/is-shallow-equal@5.22.0':
    resolution: {integrity: sha512-bH/MM0Jgvrv7I3VP5sNVSUiHbD1sJZL4lITYF7gf6L6spvTEPUDS3OwRKea3FnzCQe2ZIDBZOpJKW1fbWl5gew==}
    engines: {node: '>=18.12.0', npm: '>=8.19.2'}

  '@wordpress/keycodes@4.22.0':
    resolution: {integrity: sha512-xdFE7ZM2MwydodJ+4sSxjQDQU4+gwnI3KyJD6cBI3ubk2856Iu67Rbs4nXPuxDiolbRKGFURX6TfNpCI7/DdWw==}
    engines: {node: '>=18.12.0', npm: '>=8.19.2'}

  '@wordpress/priority-queue@3.22.0':
    resolution: {integrity: sha512-mu6I1svNj5dYlbd92Zs/Y0JuEizerOhf/zGlJEbuZPquu+n4MFZR89zYpm+OfXvvr9ixKXSou7J8Ca1UjrZuFw==}
    engines: {node: '>=18.12.0', npm: '>=8.19.2'}

  '@wordpress/undo-manager@1.22.0':
    resolution: {integrity: sha512-Kub6w7kOyXiD5GVNQ4hq4gNZJp9hB4c3dfHVji+gvt/lKRxu7tgMM31b5nHYOkIUIcutUqkGmFc0efbD5qFaVg==}
    engines: {node: '>=18.12.0', npm: '>=8.19.2'}

  camel-case@4.1.2:
    resolution: {integrity: sha512-gxGWBrTT1JuMx6R+o5PTXMmUnhnVzLQ9SNutD4YqKtI6ap897t3tKECYla6gCWEkplXnlNybEkZg9GEGxKFCgw==}

  capital-case@1.0.4:
    resolution: {integrity: sha512-ds37W8CytHgwnhGGTi88pcPyR15qoNkOpYwmMMfnWqqWgESapLqvDx6huFjQ5vqWSn2Z06173XNA7LtMOeUh1A==}

  change-case@4.1.2:
    resolution: {integrity: sha512-bSxY2ws9OtviILG1EiY5K7NNxkqg/JnRnFxLtKQ96JaviiIxi7djMrSd0ECT9AC+lttClmYwKw53BWpOMblo7A==}

  clipboard@2.0.11:
    resolution: {integrity: sha512-C+0bbOqkezLIsmWSvlsXS0Q0bmkugu7jcfMIACB+RDEntIzQIkdr148we28AfSloQLRdZlYL/QYyrq05j/3Faw==}

  constant-case@3.0.4:
    resolution: {integrity: sha512-I2hSBi7Vvs7BEuJDr5dDHfzb/Ruj3FyvFyh7KLilAjNQw3Be+xgqUBA2W6scVEcL0hL1dwPRtIqEPVUCKkSsyQ==}

  csstype@3.1.3:
    resolution: {integrity: sha512-M1uQkMl8rQK/szD0LNhtqxIPLpimGm8sOBwU7lLnCpSbTyY3yeU1Vc7l4KT5zT4s/yOxHH5O7tIuuLOCnLADRw==}

  delegate@3.2.0:
    resolution: {integrity: sha512-IofjkYBZaZivn0V8nnsMJGBr4jVLxHDheKSW88PyxS5QC4Vo9ZbZVvhzlSxY87fVq3STR6r+4cGepyHkcWOQSw==}

  dot-case@3.0.4:
    resolution: {integrity: sha512-Kv5nKlh6yRrdrGvxeJ2e5y2eRUpkUosIW4A2AS38zwSz27zu7ufDwQPi5Jhs3XAlGNetl3bmnGhQsMtkKJnj3w==}

  encoding@0.1.13:
    resolution: {integrity: sha512-ETBauow1T35Y/WZMkio9jiM0Z5xjHHmJ4XmjZOq1l/dXz3lr2sRn87nJy20RupqSh1F2m3HHPSp8ShIPQJrJ3A==}

  gettext-parser@1.4.0:
    resolution: {integrity: sha512-sedZYLHlHeBop/gZ1jdg59hlUEcpcZJofLq2JFwJT1zTqAU3l2wFv6IsuwFHGqbiT9DWzMUW4/em2+hspnmMMA==}

  good-listener@1.2.2:
    resolution: {integrity: sha512-goW1b+d9q/HIwbVYZzZ6SsTr4IgE+WA44A0GmPIQstuOrgsFcT7VEJ48nmr9GaRtNu0XTKacFLGnBPAM6Afouw==}

  header-case@2.0.4:
    resolution: {integrity: sha512-H/vuk5TEEVZwrR0lp2zed9OCo1uAILMlx0JEMgC26rzyJJ3N1v6XkwHHXJQdR2doSjcGPM6OKPYoJgf0plJ11Q==}

  iconv-lite@0.6.3:
    resolution: {integrity: sha512-4fCk79wshMdzMp2rH06qWrJE4iolqLhCUH+OiuIgU++RB0+94NlDL81atO7GX55uUKueo0txHNtvEyI6D7WdMw==}
    engines: {node: '>=0.10.0'}

  is-plain-object@5.0.0:
    resolution: {integrity: sha512-VRSzKkbMm5jMDoKLbltAkFQ5Qr7VDiTFGXxYFXXowVj387GeGNOCsOH6Msy00SGZ3Fp84b1Naa1psqgcCIEP5Q==}
    engines: {node: '>=0.10.0'}

  js-tokens@4.0.0:
    resolution: {integrity: sha512-RdJUflcE3cUzKiMqQgsCu06FPu9UdIJO0beYbPhHN4k6apgJtifcoCtT9bcxOpYBtpD2kCM6Sbzg4CausW/PKQ==}

  loose-envify@1.4.0:
    resolution: {integrity: sha512-lyuxPGr/Wfhrlem2CL/UcnUc1zcqKAImBDzukY7Y5F/yQiNdko6+fRLevlw1HgMySw7f611UIY408EtxRSoK3Q==}
    hasBin: true

  lower-case@2.0.2:
    resolution: {integrity: sha512-7fm3l3NAF9WfN6W3JOmf5drwpVqX78JtoGJ3A6W0a6ZnldM41w2fV5D490psKFTpMds8TJse/eHLFFsNHHjHgg==}

  memize@2.1.0:
    resolution: {integrity: sha512-yywVJy8ctVlN5lNPxsep5urnZ6TTclwPEyigM9M3Bi8vseJBOfqNrGWN/r8NzuIt3PovM323W04blJfGQfQSVg==}

  mousetrap@1.6.5:
    resolution: {integrity: sha512-QNo4kEepaIBwiT8CDhP98umTetp+JNfQYBWvC1pc6/OAibuXtRcxZ58Qz8skvEHYvURne/7R8T5VoOI7rDsEUA==}

  no-case@3.0.4:
    resolution: {integrity: sha512-fgAN3jGAh+RoxUGZHTSOLJIqUc2wmoBwGR4tbpNAKmmovFoWq0OdRkb0VkldReO2a2iBT/OEulG9XSUc10r3zg==}

  param-case@3.0.4:
    resolution: {integrity: sha512-RXlj7zCYokReqWpOPH9oYivUzLYZ5vAPIfEmCTNViosC78F8F0H9y7T7gG2M39ymgutxF5gcFEsyZQSph9Bp3A==}

  pascal-case@3.1.2:
    resolution: {integrity: sha512-uWlGT3YSnK9x3BQJaOdcZwrnV6hPpd8jFH1/ucpiLRPh/2zCVJKS19E4GvYHvaCcACn3foXZ0cLB9Wrx1KGe5g==}

  path-case@3.0.4:
    resolution: {integrity: sha512-qO4qCFjXqVTrcbPt/hQfhTQ+VhFsqNKOPtytgNKkKxSoEp3XPUQ8ObFuePylOIok5gjn69ry8XiULxCwot3Wfg==}

  react-dom@18.3.1:
    resolution: {integrity: sha512-5m4nQKp+rZRb09LNH59GM4BxTh9251/ylbKIbpe7TpGxfJ+9kv6BLkLBXIjjspbgbnIBNqlI23tRnTWT0snUIw==}
    peerDependencies:
      react: ^18.3.1

  react@18.3.1:
    resolution: {integrity: sha512-wS+hAgJShR0KhEvPJArfuPVN1+Hz1t0Y6n5jLrGQbkb4urgPE/0Rve+1kMB1v/oWgHgm4WIcV+i7F2pTVj+2iQ==}
    engines: {node: '>=0.10.0'}

  regenerator-runtime@0.14.1:
    resolution: {integrity: sha512-dYnhHh0nJoMfnkZs6GmmhFknAGRrLznOu5nc9ML+EJxGvrx6H7teuevqVqCuPcPK//3eDrrjQhehXVx9cnkGdw==}

  requestidlecallback@0.3.0:
    resolution: {integrity: sha512-TWHFkT7S9p7IxLC5A1hYmAYQx2Eb9w1skrXmQ+dS1URyvR8tenMLl4lHbqEOUnpEYxNKpkVMXUgknVpBZWXXfQ==}

  safe-buffer@5.2.1:
    resolution: {integrity: sha512-rp3So07KcdmmKbGvgaNxQSJr7bGVSVk5S9Eq1F+ppbRo70+YeaDxkw5Dd8NPN+GD6bjnYm2VuPuCXmpuYvmCXQ==}

  safer-buffer@2.1.2:
    resolution: {integrity: sha512-YZo3K82SD7Riyi0E1EQPojLz7kpepnSQI9IyPbHHg1XXXevb5dJI7tpyN2ADxGcQbHG7vcyRHk0cbwqcQriUtg==}

  scheduler@0.23.2:
    resolution: {integrity: sha512-UOShsPwz7NrMUqhR6t0hWjFduvOzbtv7toDH1/hIrfRNIDBnnBWd0CwJTGvTpngVlmwGCdP9/Zl/tVrDqcuYzQ==}

  select@1.1.2:
    resolution: {integrity: sha512-OwpTSOfy6xSs1+pwcNrv0RBMOzI39Lp3qQKUTPVVPRjCdNa5JH/oPRiqsesIskK8TVgmRiHwO4KXlV2Li9dANA==}

  sentence-case@3.0.4:
    resolution: {integrity: sha512-8LS0JInaQMCRoQ7YUytAo/xUu5W2XnQxV2HI/6uM6U7CITS1RqPElr30V6uIqyMKM9lJGRVFy5/4CuzcixNYSg==}

  snake-case@3.0.4:
    resolution: {integrity: sha512-LAOh4z89bGQvl9pFfNF8V146i7o7/CqFPbqzYgP+yYzDIDeS9HaNFtXABamRW+AQzEVODcvE79ljJ+8a9YSdMg==}

  sprintf-js@1.1.3:
    resolution: {integrity: sha512-Oo+0REFV59/rz3gfJNKQiBlwfHaSESl1pcGyABQsnnIfWOFt6JNj5gCog2U6MLZ//IGYD+nA8nI+mTShREReaA==}

  tannin@1.2.0:
    resolution: {integrity: sha512-U7GgX/RcSeUETbV7gYgoz8PD7Ni4y95pgIP/Z6ayI3CfhSujwKEBlGFTCRN+Aqnuyf4AN2yHL+L8x+TCGjb9uA==}

  tiny-emitter@2.1.0:
    resolution: {integrity: sha512-NB6Dk1A9xgQPMoGqC5CVXn123gWyte215ONT5Pp5a0yt4nlEoO1ZWeCwpncaekPHXO60i47ihFnZPiRPjRMq4Q==}

  tslib@2.8.1:
    resolution: {integrity: sha512-oJFu94HQb+KVduSUQL7wnpmqnfmLsOA/nAh6b6EH0wCEoK0/mPeXU6c3wKDV83MkOuHPRHtSXKKU99IBazS/2w==}

  upper-case-first@2.0.2:
    resolution: {integrity: sha512-514ppYHBaKwfJRK/pNC6c/OxfGa0obSnAl106u97Ed0I625Nin96KAjttZF6ZL3e1XLtphxnqrOi9iWgm+u+bg==}

  upper-case@2.0.2:
    resolution: {integrity: sha512-KgdgDGJt2TpuwBUIjgG6lzw2GWFRCW9Qkfkiv0DxqHHLYJHmtmdUIKcZd8rHgFSjopVTlw6ggzCm1b8MFQwikg==}

  use-memo-one@1.1.3:
    resolution: {integrity: sha512-g66/K7ZQGYrI6dy8GLpVcMsBp4s17xNkYJVSMvTEevGy3nDxHOfE6z8BVE22+5G5x7t3+bhzrlTDB7ObrEE0cQ==}
    peerDependencies:
      react: ^16.8.0 || ^17.0.0 || ^18.0.0

snapshots:

  '@babel/runtime@7.25.7':
    dependencies:
      regenerator-runtime: 0.14.1

  '@tannin/compile@1.1.0':
    dependencies:
      '@tannin/evaluate': 1.2.0
      '@tannin/postfix': 1.1.0

  '@tannin/evaluate@1.2.0': {}

  '@tannin/plural-forms@1.1.0':
    dependencies:
      '@tannin/compile': 1.1.0

  '@tannin/postfix@1.1.0': {}

  '@types/mousetrap@1.6.15': {}

  '@types/prop-types@15.7.14': {}

  '@types/react-dom@18.3.7(@types/react@18.3.21)':
    dependencies:
      '@types/react': 18.3.21

  '@types/react@18.3.21':
    dependencies:
      '@types/prop-types': 15.7.14
      csstype: 3.1.3

  '@wordpress/compose@7.22.0(react@18.3.1)':
    dependencies:
      '@babel/runtime': 7.25.7
      '@types/mousetrap': 1.6.15
      '@wordpress/deprecated': 4.22.0
      '@wordpress/dom': 4.22.0
      '@wordpress/element': 6.22.0
      '@wordpress/is-shallow-equal': 5.22.0
      '@wordpress/keycodes': 4.22.0
      '@wordpress/priority-queue': 3.22.0
      '@wordpress/undo-manager': 1.22.0
      change-case: 4.1.2
      clipboard: 2.0.11
      mousetrap: 1.6.5
      react: 18.3.1
      use-memo-one: 1.1.3(react@18.3.1)

  '@wordpress/deprecated@4.22.0':
    dependencies:
      '@babel/runtime': 7.25.7
      '@wordpress/hooks': 4.22.0

  '@wordpress/dom@4.22.0':
    dependencies:
      '@babel/runtime': 7.25.7
      '@wordpress/deprecated': 4.22.0

  '@wordpress/element@6.22.0':
    dependencies:
      '@babel/runtime': 7.25.7
      '@types/react': 18.3.21
      '@types/react-dom': 18.3.7(@types/react@18.3.21)
      '@wordpress/escape-html': 3.22.0
      change-case: 4.1.2
      is-plain-object: 5.0.0
      react: 18.3.1
      react-dom: 18.3.1(react@18.3.1)

  '@wordpress/escape-html@3.22.0':
    dependencies:
      '@babel/runtime': 7.25.7

  '@wordpress/hooks@4.22.0':
    dependencies:
      '@babel/runtime': 7.25.7

  '@wordpress/i18n@5.22.0':
    dependencies:
      '@babel/runtime': 7.25.7
      '@wordpress/hooks': 4.22.0
      gettext-parser: 1.4.0
      memize: 2.1.0
      sprintf-js: 1.1.3
      tannin: 1.2.0

  '@wordpress/is-shallow-equal@5.22.0':
    dependencies:
      '@babel/runtime': 7.25.7

  '@wordpress/keycodes@4.22.0':
    dependencies:
      '@babel/runtime': 7.25.7
      '@wordpress/i18n': 5.22.0

  '@wordpress/priority-queue@3.22.0':
    dependencies:
      '@babel/runtime': 7.25.7
      requestidlecallback: 0.3.0

  '@wordpress/undo-manager@1.22.0':
    dependencies:
      '@babel/runtime': 7.25.7
      '@wordpress/is-shallow-equal': 5.22.0

  camel-case@4.1.2:
    dependencies:
      pascal-case: 3.1.2
      tslib: 2.8.1

  capital-case@1.0.4:
    dependencies:
      no-case: 3.0.4
      tslib: 2.8.1
      upper-case-first: 2.0.2

  change-case@4.1.2:
    dependencies:
      camel-case: 4.1.2
      capital-case: 1.0.4
      constant-case: 3.0.4
      dot-case: 3.0.4
      header-case: 2.0.4
      no-case: 3.0.4
      param-case: 3.0.4
      pascal-case: 3.1.2
      path-case: 3.0.4
      sentence-case: 3.0.4
      snake-case: 3.0.4
      tslib: 2.8.1

  clipboard@2.0.11:
    dependencies:
      good-listener: 1.2.2
      select: 1.1.2
      tiny-emitter: 2.1.0

  constant-case@3.0.4:
    dependencies:
      no-case: 3.0.4
      tslib: 2.8.1
      upper-case: 2.0.2

  csstype@3.1.3: {}

  delegate@3.2.0: {}

  dot-case@3.0.4:
    dependencies:
      no-case: 3.0.4
      tslib: 2.8.1

  encoding@0.1.13:
    dependencies:
      iconv-lite: 0.6.3

  gettext-parser@1.4.0:
    dependencies:
      encoding: 0.1.13
      safe-buffer: 5.2.1

  good-listener@1.2.2:
    dependencies:
      delegate: 3.2.0

  header-case@2.0.4:
    dependencies:
      capital-case: 1.0.4
      tslib: 2.8.1

  iconv-lite@0.6.3:
    dependencies:
      safer-buffer: 2.1.2

  is-plain-object@5.0.0: {}

  js-tokens@4.0.0: {}

  loose-envify@1.4.0:
    dependencies:
      js-tokens: 4.0.0

  lower-case@2.0.2:
    dependencies:
      tslib: 2.8.1

  memize@2.1.0: {}

  mousetrap@1.6.5: {}

  no-case@3.0.4:
    dependencies:
      lower-case: 2.0.2
      tslib: 2.8.1

  param-case@3.0.4:
    dependencies:
      dot-case: 3.0.4
      tslib: 2.8.1

  pascal-case@3.1.2:
    dependencies:
      no-case: 3.0.4
      tslib: 2.8.1

  path-case@3.0.4:
    dependencies:
      dot-case: 3.0.4
      tslib: 2.8.1

  react-dom@18.3.1(react@18.3.1):
    dependencies:
      loose-envify: 1.4.0
      react: 18.3.1
      scheduler: 0.23.2

  react@18.3.1:
    dependencies:
      loose-envify: 1.4.0

  regenerator-runtime@0.14.1: {}

  requestidlecallback@0.3.0: {}

  safe-buffer@5.2.1: {}

  safer-buffer@2.1.2: {}

  scheduler@0.23.2:
    dependencies:
      loose-envify: 1.4.0

  select@1.1.2: {}

  sentence-case@3.0.4:
    dependencies:
      no-case: 3.0.4
      tslib: 2.8.1
      upper-case-first: 2.0.2

  snake-case@3.0.4:
    dependencies:
      dot-case: 3.0.4
      tslib: 2.8.1

  sprintf-js@1.1.3: {}

  tannin@1.2.0:
    dependencies:
      '@tannin/plural-forms': 1.1.0

  tiny-emitter@2.1.0: {}

  tslib@2.8.1: {}

  upper-case-first@2.0.2:
    dependencies:
      tslib: 2.8.1

  upper-case@2.0.2:
    dependencies:
      tslib: 2.8.1

  use-memo-one@1.1.3(react@18.3.1):
    dependencies:
      react: 18.3.1
